// !$*UTF8*$!
{
	archiveVersion = 1;
	classes = {
	};
	objectVersion = 50;
	objects = {

/* Begin PBXBuildFile section */
		90741DDF259A129400D9BFE8 /* AppDelegate.swift in Sources */ = {isa = PBXBuildFile; fileRef = 90741DDE259A129400D9BFE8 /* AppDelegate.swift */; };
		90741DE1259A129400D9BFE8 /* SceneDelegate.swift in Sources */ = {isa = PBXBuildFile; fileRef = 90741DE0259A129400D9BFE8 /* SceneDelegate.swift */; };
		90741DE3259A129400D9BFE8 /* WelcomeVC.swift in Sources */ = {isa = PBXBuildFile; fileRef = 90741DE2259A129400D9BFE8 /* WelcomeVC.swift */; };
		90741DE6259A129400D9BFE8 /* Main.storyboard in Resources */ = {isa = PBXBuildFile; fileRef = 90741DE4259A129400D9BFE8 /* Main.storyboard */; };
		90741DE8259A129500D9BFE8 /* Assets.xcassets in Resources */ = {isa = PBXBuildFile; fileRef = 90741DE7259A129500D9BFE8 /* Assets.xcassets */; };
		90741DEB259A129500D9BFE8 /* LaunchScreen.storyboard in Resources */ = {isa = PBXBuildFile; fileRef = 90741DE9259A129500D9BFE8 /* LaunchScreen.storyboard */; };
		90741DF5259A353300D9BFE8 /* BorderButton.swift in Sources */ = {isa = PBXBuildFile; fileRef = 90741DF4259A353300D9BFE8 /* BorderButton.swift */; };
		90F55A52259D9340007D5B1D /* LeagueVC.swift in Sources */ = {isa = PBXBuildFile; fileRef = 90F55A51259D9340007D5B1D /* LeagueVC.swift */; };
		90F55A55259D935D007D5B1D /* SkillVC.swift in Sources */ = {isa = PBXBuildFile; fileRef = 90F55A54259D935D007D5B1D /* SkillVC.swift */; };
/* End PBXBuildFile section */

/* Begin PBXFileReference section */
		90741DDB259A129400D9BFE8 /* app-swoosh.app */ = {isa = PBXFileReference; explicitFileType = wrapper.application; includeInIndex = 0; path = "app-swoosh.app"; sourceTree = BUILT_PRODUCTS_DIR; };
		90741DDE259A129400D9BFE8 /* AppDelegate.swift */ = {isa = PBXFileReference; lastKnownFileType = sourcecode.swift; path = AppDelegate.swift; sourceTree = "<group>"; };
		90741DE0259A129400D9BFE8 /* SceneDelegate.swift */ = {isa = PBXFileReference; lastKnownFileType = sourcecode.swift; path = SceneDelegate.swift; sourceTree = "<group>"; };
		90741DE2259A129400D9BFE8 /* WelcomeVC.swift */ = {isa = PBXFileReference; lastKnownFileType = sourcecode.swift; path = WelcomeVC.swift; sourceTree = "<group>"; };
		90741DE5259A129400D9BFE8 /* Base */ = {isa = PBXFileReference; lastKnownFileType = file.storyboard; name = Base; path = Base.lproj/Main.storyboard; sourceTree = "<group>"; };
		90741DE7259A129500D9BFE8 /* Assets.xcassets */ = {isa = PBXFileReference; lastKnownFileType = folder.assetcatalog; path = Assets.xcassets; sourceTree = "<group>"; };
		90741DEA259A129500D9BFE8 /* Base */ = {isa = PBXFileReference; lastKnownFileType = file.storyboard; name = Base; path = Base.lproj/LaunchScreen.storyboard; sourceTree = "<group>"; };
		90741DEC259A129500D9BFE8 /* Info.plist */ = {isa = PBXFileReference; lastKnownFileType = text.plist.xml; path = Info.plist; sourceTree = "<group>"; };
		90741DF4259A353300D9BFE8 /* BorderButton.swift */ = {isa = PBXFileReference; lastKnownFileType = sourcecode.swift; path = BorderButton.swift; sourceTree = "<group>"; };
		90F55A51259D9340007D5B1D /* LeagueVC.swift */ = {isa = PBXFileReference; lastKnownFileType = sourcecode.swift; path = LeagueVC.swift; sourceTree = "<group>"; };
		90F55A54259D935D007D5B1D /* SkillVC.swift */ = {isa = PBXFileReference; lastKnownFileType = sourcecode.swift; path = SkillVC.swift; sourceTree = "<group>"; };
/* End PBXFileReference section */

/* Begin PBXFrameworksBuildPhase section */
		90741DD8259A129400D9BFE8 /* Frameworks */ = {
			isa = PBXFrameworksBuildPhase;
			buildActionMask = 2147483647;
			files = (
			);
			runOnlyForDeploymentPostprocessing = 0;
		};
/* End PBXFrameworksBuildPhase section */

/* Begin PBXGroup section */
		90741DD2259A129400D9BFE8 = {
			isa = PBXGroup;
			children = (
				90741DDD259A129400D9BFE8 /* app-swoosh */,
				90741DDC259A129400D9BFE8 /* Products */,
			);
			sourceTree = "<group>";
		};
		90741DDC259A129400D9BFE8 /* Products */ = {
			isa = PBXGroup;
			children = (
				90741DDB259A129400D9BFE8 /* app-swoosh.app */,
			);
			name = Products;
			sourceTree = "<group>";
		};
		90741DDD259A129400D9BFE8 /* app-swoosh */ = {
			isa = PBXGroup;
			children = (
				90F55A4E259D90ED007D5B1D /* Controller */,
				90F55A4D259D90E3007D5B1D /* Model */,
				90741DF3259A34F900D9BFE8 /* View */,
				90741DDE259A129400D9BFE8 /* AppDelegate.swift */,
				90741DE0259A129400D9BFE8 /* SceneDelegate.swift */,
				90741DE4259A129400D9BFE8 /* Main.storyboard */,
				90741DE7259A129500D9BFE8 /* Assets.xcassets */,
				90741DE9259A129500D9BFE8 /* LaunchScreen.storyboard */,
				90741DEC259A129500D9BFE8 /* Info.plist */,
			);
			path = "app-swoosh";
			sourceTree = "<group>";
		};
		90741DF3259A34F900D9BFE8 /* View */ = {
			isa = PBXGroup;
			children = (
				90741DF4259A353300D9BFE8 /* BorderButton.swift */,
			);
			path = View;
			sourceTree = "<group>";
		};
		90F55A4D259D90E3007D5B1D /* Model */ = {
			isa = PBXGroup;
			children = (
			);
			path = Model;
			sourceTree = "<group>";
		};
		90F55A4E259D90ED007D5B1D /* Controller */ = {
			isa = PBXGroup;
			children = (
				90741DE2259A129400D9BFE8 /* WelcomeVC.swift */,
				90F55A51259D9340007D5B1D /* LeagueVC.swift */,
				90F55A54259D935D007D5B1D /* SkillVC.swift */,
			);
			path = Controller;
			sourceTree = "<group>";
		};
/* End PBXGroup section */

/* Begin PBXNativeTarget section */
		90741DDA259A129400D9BFE8 /* app-swoosh */ = {
			isa = PBXNativeTarget;
			buildConfigurationList = 90741DEF259A129500D9BFE8 /* Build configuration list for PBXNativeTarget "app-swoosh" */;
			buildPhases = (
				90741DD7259A129400D9BFE8 /* Sources */,
				90741DD8259A129400D9BFE8 /* Frameworks */,
				90741DD9259A129400D9BFE8 /* Resources */,
			);
			buildRules = (
			);
			dependencies = (
			);
			name = "app-swoosh";
			productName = "app-swoosh";
			productReference = 90741DDB259A129400D9BFE8 /* app-swoosh.app */;
			productType = "com.apple.product-type.application";
		};
/* End PBXNativeTarget section */

/* Begin PBXProject section */
		90741DD3259A129400D9BFE8 /* Project object */ = {
			isa = PBXProject;
			attributes = {
				LastSwiftUpdateCheck = 1230;
				LastUpgradeCheck = 1230;
				TargetAttributes = {
					90741DDA259A129400D9BFE8 = {
						CreatedOnToolsVersion = 12.3;
					};
				};
			};
			buildConfigurationList = 90741DD6259A129400D9BFE8 /* Build configuration list for PBXProject "app-swoosh" */;
			compatibilityVersion = "Xcode 9.3";
			developmentRegion = en;
			hasScannedForEncodings = 0;
			knownRegions = (
				en,
				Base,
			);
			mainGroup = 90741DD2259A129400D9BFE8;
			productRefGroup = 90741DDC259A129400D9BFE8 /* Products */;
			projectDirPath = "";
			projectRoot = "";
			targets = (
				90741DDA259A129400D9BFE8 /* app-swoosh */,
			);
		};
/* End PBXProject section */

/* Begin PBXResourcesBuildPhase section */
		90741DD9259A129400D9BFE8 /* Resources */ = {
			isa = PBXResourcesBuildPhase;
			buildActionMask = 2147483647;
			files = (
				90741DEB259A129500D9BFE8 /* LaunchScreen.storyboard in Resources */,
				90741DE8259A129500D9BFE8 /* Assets.xcassets in Resources */,
				90741DE6259A129400D9BFE8 /* Main.storyboard in Resources */,
			);
			runOnlyForDeploymentPostprocessing = 0;
		};
/* End PBXResourcesBuildPhase section */

/* Begin PBXSourcesBuildPhase section */
		90741DD7259A129400D9BFE8 /* Sources */ = {
			isa = PBXSourcesBuildPhase;
			buildActionMask = 2147483647;
			files = (
				90741DE3259A129400D9BFE8 /* WelcomeVC.swift in Sources */,
				90741DDF259A129400D9BFE8 /* AppDelegate.swift in Sources */,
				90741DE1259A129400D9BFE8 /* SceneDelegate.swift in Sources */,
				90741DF5259A353300D9BFE8 /* BorderButton.swift in Sources */,
				90F55A55259D935D007D5B1D /* SkillVC.swift in Sources */,
				90F55A52259D9340007D5B1D /* LeagueVC.swift in Sources */,
			);
			runOnlyForDeploymentPostprocessing = 0;
		};
/* End PBXSourcesBuildPhase section */

/* Begin PBXVariantGroup section */
		90741DE4259A129400D9BFE8 /* Main.storyboard */ = {
			isa = PBXVariantGroup;
			children = (
				90741DE5259A129400D9BFE8 /* Base */,
			);
			name = Main.storyboard;
			sourceTree = "<group>";
		};
		90741DE9259A129500D9BFE8 /* LaunchScreen.storyboard */ = {
			isa = PBXVariantGroup;
			children = (
				90741DEA259A129500D9BFE8 /* Base */,
			);
			name = LaunchScreen.storyboard;
			sourceTree = "<group>";
		};
/* End PBXVariantGroup section */

/* Begin XCBuildConfiguration section */
		90741DED259A129500D9BFE8 /* Debug */ = {
			isa = XCBuildConfiguration;
			buildSettings = {
				ALWAYS_SEARCH_USER_PATHS = NO;
				CLANG_ANALYZER_NONNULL = YES;
				CLANG_ANALYZER_NUMBER_OBJECT_CONVERSION = YES_AGGRESSIVE;
				CLANG_CXX_LANGUAGE_STANDARD = "gnu++14";
				CLANG_CXX_LIBRARY = "libc++";
				CLANG_ENABLE_MODULES = YES;
				CLANG_ENABLE_OBJC_ARC = YES;
				CLANG_ENABLE_OBJC_WEAK = YES;
				CLANG_WARN_BLOCK_CAPTURE_AUTORELEASING = YES;
				CLANG_WARN_BOOL_CONVERSION = YES;
				CLANG_WARN_COMMA = YES;
				CLANG_WARN_CONSTANT_CONVERSION = YES;
				CLANG_WARN_DEPRECATED_OBJC_IMPLEMENTATIONS = YES;
				CLANG_WARN_DIRECT_OBJC_ISA_USAGE = YES_ERROR;
				CLANG_WARN_DOCUMENTATION_COMMENTS = YES;
				CLANG_WARN_EMPTY_BODY = YES;
				CLANG_WARN_ENUM_CONVERSION = YES;
				CLANG_WARN_INFINITE_RECURSION = YES;
				CLANG_WARN_INT_CONVERSION = YES;
				CLANG_WARN_NON_LITERAL_NULL_CONVERSION = YES;
				CLANG_WARN_OBJC_IMPLICIT_RETAIN_SELF = YES;
				CLANG_WARN_OBJC_LITERAL_CONVERSION = YES;
				CLANG_WARN_OBJC_ROOT_CLASS = YES_ERROR;
				CLANG_WARN_QUOTED_INCLUDE_IN_FRAMEWORK_HEADER = YES;
				CLANG_WARN_RANGE_LOOP_ANALYSIS = YES;
				CLANG_WARN_STRICT_PROTOTYPES = YES;
				CLANG_WARN_SUSPICIOUS_MOVE = YES;
				CLANG_WARN_UNGUARDED_AVAILABILITY = YES_AGGRESSIVE;
				CLANG_WARN_UNREACHABLE_CODE = YES;
				CLANG_WARN__DUPLICATE_METHOD_MATCH = YES;
				COPY_PHASE_STRIP = NO;
				DEBUG_INFORMATION_FORMAT = dwarf;
				ENABLE_STRICT_OBJC_MSGSEND = YES;
				ENABLE_TESTABILITY = YES;
				GCC_C_LANGUAGE_STANDARD = gnu11;
				GCC_DYNAMIC_NO_PIC = NO;
				GCC_NO_COMMON_BLOCKS = YES;
				GCC_OPTIMIZATION_LEVEL = 0;
				GCC_PREPROCESSOR_DEFINITIONS = (
					"DEBUG=1",
					"$(inherited)",
				);
				GCC_WARN_64_TO_32_BIT_CONVERSION = YES;
				GCC_WARN_ABOUT_RETURN_TYPE = YES_ERROR;
				GCC_WARN_UNDECLARED_SELECTOR = YES;
				GCC_WARN_UNINITIALIZED_AUTOS = YES_AGGRESSIVE;
				GCC_WARN_UNUSED_FUNCTION = YES;
				GCC_WARN_UNUSED_VARIABLE = YES;
				IPHONEOS_DEPLOYMENT_TARGET = 14.3;
				MTL_ENABLE_DEBUG_INFO = INCLUDE_SOURCE;
				MTL_FAST_MATH = YES;
				ONLY_ACTIVE_ARCH = YES;
				SDKROOT = iphoneos;
				SWIFT_ACTIVE_COMPILATION_CONDITIONS = DEBUG;
				SWIFT_OPTIMIZATION_LEVEL = "-Onone";
			};
			name = Debug;
		};
		90741DEE259A129500D9BFE8 /* Release */ = {
			isa = XCBuildConfiguration;
			buildSettings = {
				ALWAYS_SEARCH_USER_PATHS = NO;
				CLANG_ANALYZER_NONNULL = YES;
				CLANG_ANALYZER_NUMBER_OBJECT_CONVERSION = YES_AGGRESSIVE;
				CLANG_CXX_LANGUAGE_STANDARD = "gnu++14";
				CLANG_CXX_LIBRARY = "libc++";
				CLANG_ENABLE_MODULES = YES;
				CLANG_ENABLE_OBJC_ARC = YES;
				CLANG_ENABLE_OBJC_WEAK = YES;
				CLANG_WARN_BLOCK_CAPTURE_AUTORELEASING = YES;
				CLANG_WARN_BOOL_CONVERSION = YES;
				CLANG_WARN_COMMA = YES;
				CLANG_WARN_CONSTANT_CONVERSION = YES;
				CLANG_WARN_DEPRECATED_OBJC_IMPLEMENTATIONS = YES;
				CLANG_WARN_DIRECT_OBJC_ISA_USAGE = YES_ERROR;
				CLANG_WARN_DOCUMENTATION_COMMENTS = YES;
				CLANG_WARN_EMPTY_BODY = YES;
				CLANG_WARN_ENUM_CONVERSION = YES;
				CLANG_WARN_INFINITE_RECURSION = YES;
				CLANG_WARN_INT_CONVERSION = YES;
				CLANG_WARN_NON_LITERAL_NULL_CONVERSION = YES;
				CLANG_WARN_OBJC_IMPLICIT_RETAIN_SELF = YES;
				CLANG_WARN_OBJC_LITERAL_CONVERSION = YES;
				CLANG_WARN_OBJC_ROOT_CLASS = YES_ERROR;
				CLANG_WARN_QUOTED_INCLUDE_IN_FRAMEWORK_HEADER = YES;
				CLANG_WARN_RANGE_LOOP_ANALYSIS = YES;
				CLANG_WARN_STRICT_PROTOTYPES = YES;
				CLANG_WARN_SUSPICIOUS_MOVE = YES;
				CLANG_WARN_UNGUARDED_AVAILABILITY = YES_AGGRESSIVE;
				CLANG_WARN_UNREACHABLE_CODE = YES;
				CLANG_WARN__DUPLICATE_METHOD_MATCH = YES;
				COPY_PHASE_STRIP = NO;
				DEBUG_INFORMATION_FORMAT = "dwarf-with-dsym";
				ENABLE_NS_ASSERTIONS = NO;
				ENABLE_STRICT_OBJC_MSGSEND = YES;
				GCC_C_LANGUAGE_STANDARD = gnu11;
				GCC_NO_COMMON_BLOCKS = YES;
				GCC_WARN_64_TO_32_BIT_CONVERSION = YES;
				GCC_WARN_ABOUT_RETURN_TYPE = YES_ERROR;
				GCC_WARN_UNDECLARED_SELECTOR = YES;
				GCC_WARN_UNINITIALIZED_AUTOS = YES_AGGRESSIVE;
				GCC_WARN_UNUSED_FUNCTION = YES;
				GCC_WARN_UNUSED_VARIABLE = YES;
				IPHONEOS_DEPLOYMENT_TARGET = 14.3;
				MTL_ENABLE_DEBUG_INFO = NO;
				MTL_FAST_MATH = YES;
				SDKROOT = iphoneos;
				SWIFT_COMPILATION_MODE = wholemodule;
				SWIFT_OPTIMIZATION_LEVEL = "-O";
				VALIDATE_PRODUCT = YES;
			};
			name = Release;
		};
		90741DF0259A129500D9BFE8 /* Debug */ = {
			isa = XCBuildConfiguration;
			buildSettings = {
				ASSETCATALOG_COMPILER_APPICON_NAME = AppIcon;
				ASSETCATALOG_COMPILER_GLOBAL_ACCENT_COLOR_NAME = AccentColor;
				CODE_SIGN_STYLE = Automatic;
				DEVELOPMENT_TEAM = 239C4LZ4JZ;
				INFOPLIST_FILE = "app-swoosh/Info.plist";
				LD_RUNPATH_SEARCH_PATHS = (
					"$(inherited)",
					"@executable_path/Frameworks",
				);
				PRODUCT_BUNDLE_IDENTIFIER = "com.rahimov.app-swoosh";
				PRODUCT_NAME = "$(TARGET_NAME)";
				SWIFT_VERSION = 5.0;
				TARGETED_DEVICE_FAMILY = "1,2";
			};
			name = Debug;
		};
		90741DF1259A129500D9BFE8 /* Release */ = {
			isa = XCBuildConfiguration;
			buildSettings = {
				ASSETCATALOG_COMPILER_APPICON_NAME = AppIcon;
				ASSETCATALOG_COMPILER_GLOBAL_ACCENT_COLOR_NAME = AccentColor;
				CODE_SIGN_STYLE = Automatic;
				DEVELOPMENT_TEAM = 239C4LZ4JZ;
				INFOPLIST_FILE = "app-swoosh/Info.plist";
				LD_RUNPATH_SEARCH_PATHS = (
					"$(inherited)",
					"@executable_path/Frameworks",
				);
				PRODUCT_BUNDLE_IDENTIFIER = "com.rahimov.app-swoosh";
				PRODUCT_NAME = "$(TARGET_NAME)";
				SWIFT_VERSION = 5.0;
				TARGETED_DEVICE_FAMILY = "1,2";
			};
			name = Release;
		};
/* End XCBuildConfiguration section */

/* Begin XCConfigurationList section */
		90741DD6259A129400D9BFE8 /* Build configuration list for PBXProject "app-swoosh" */ = {
			isa = XCConfigurationList;
			buildConfigurations = (
				90741DED259A129500D9BFE8 /* Debug */,
				90741DEE259A129500D9BFE8 /* Release */,
			);
			defaultConfigurationIsVisible = 0;
			defaultConfigurationName = Release;
		};
		90741DEF259A129500D9BFE8 /* Build configuration list for PBXNativeTarget "app-swoosh" */ = {
			isa = XCConfigurationList;
			buildConfigurations = (
				90741DF0259A129500D9BFE8 /* Debug */,
				90741DF1259A129500D9BFE8 /* Release */,
			);
			defaultConfigurationIsVisible = 0;
			defaultConfigurationName = Release;
		};
/* End XCConfigurationList section */
	};
	rootObject = 90741DD3259A129400D9BFE8 /* Project object */;
}
